
Microsoft Visual Studio Solution File, Format Version 12.00
# Visual Studio 15
VisualStudioVersion = 15.0.28307.1062
MinimumVisualStudioVersion = 10.0.40219.1
Project("{FAE04EC0-301F-11D3-BF4B-00C04F79EFBC}") = "Server", "Server\Server.csproj", "{AD29D89E-BCA8-4A7A-8A03-1F3D68F0BB29}"
EndProject
Global
	GlobalSection(SolutionConfigurationPlatforms) = preSolution
		Debug|Any CPU = Debug|Any CPU
		Release|Any CPU = Release|Any CPU
	EndGlobalSection
	GlobalSection(ProjectConfigurationPlatforms) = postSolution
		{AD29D89E-BCA8-4A7A-8A03-1F3D68F0BB29}.Debug|Any CPU.ActiveCfg = Debug|Any CPU
		{AD29D89E-BCA8-4A7A-8A03-1F3D68F0BB29}.Debug|Any CPU.Build.0 = Debug|Any CPU
		{AD29D89E-BCA8-4A7A-8A03-1F3D68F0BB29}.Release|Any CPU.ActiveCfg = Release|Any CPU
		{AD29D89E-BCA8-4A7A-8A03-1F3D68F0BB29}.Release|Any CPU.Build.0 = Release|Any CPU
	EndGlobalSection
	GlobalSection(SolutionProperties) = preSolution
		HideSolutionNode = FALSE
	EndGlobalSection
	GlobalSection(ExtensibilityGlobals) = postSolution
		SolutionGuid = {9FDE6AFB-4015-4E06-A514-4EC20991E083}
	EndGlobalSection
EndGlobal
